<?xml version="1.0" encoding="utf-8"?>
<Project ToolsVersion="4.0" xmlns="http://schemas.microsoft.com/developer/msbuild/2003">
  <ItemGroup>
    <Filter Include="Nelson">
      <UniqueIdentifier>{944132C5-80E3-5C9B-699E-70EF55DFE3EB}</UniqueIdentifier>
    </Filter>
    <Filter Include="Nelson\Events">
      <UniqueIdentifier>{F8DE83D1-649F-FF07-2DDA-4885995944E4}</UniqueIdentifier>
    </Filter>
  </ItemGroup>
  <ItemGroup>
    <ClInclude Include="src\Nelson\Application.h">
      <Filter>Nelson</Filter>
    </ClInclude>
    <ClInclude Include="src\Nelson\Core.h">
      <Filter>Nelson</Filter>
    </ClInclude>
    <ClInclude Include="src\Nelson\EntryPoint.h">
      <Filter>Nelson</Filter>
    </ClInclude>
    <ClInclude Include="src\Nelson\Events\ApplicationEvent.h">
      <Filter>Nelson\Events</Filter>
    </ClInclude>
    <ClInclude Include="src\Nelson\Events\Event.h">
      <Filter>Nelson\Events</Filter>
    </ClInclude>
    <ClInclude Include="src\Nelson\Events\KeyEvent.h">
      <Filter>Nelson\Events</Filter>
    </ClInclude>
    <ClInclude Include="src\Nelson\Events\MouseEvents.h">
      <Filter>Nelson\Events</Filter>
    </ClInclude>
    <ClInclude Include="src\Nelson\Log.h">
      <Filter>Nelson</Filter>
    </ClInclude>
    <ClInclude Include="src\Nelson\Nelson.h">
      <Filter>Nelson</Filter>
    </ClInclude>
    <ClInclude Include="src\nspch.h" />
  </ItemGroup>
  <ItemGroup>
    <ClCompile Include="src\Nelson\Application.cpp">
      <Filter>Nelson</Filter>
    </ClCompile>
    <ClCompile Include="src\Nelson\Log.cpp">
      <Filter>Nelson</Filter>
    </ClCompile>
    <ClCompile Include="src\nspch.cpp" />
  </ItemGroup>
</Project>